<?xml version="1.0" encoding="utf-8"?>
<Project ToolsVersion="4.0" xmlns="http://schemas.microsoft.com/developer/msbuild/2003">
  <ItemGroup>
    <Filter Include="Source Files">
      <UniqueIdentifier>{4FC737F1-C7A5-4376-A066-2A32D752A2FF}</UniqueIdentifier>
      <Extensions>cpp;c;cc;cxx;c++;cppm;ixx;def;odl;idl;hpj;bat;asm;asmx</Extensions>
    </Filter>
    <Filter Include="Header Files">
      <UniqueIdentifier>{93995380-89BD-4b04-88EB-625FBE52EBFB}</UniqueIdentifier>
      <Extensions>h;hh;hpp;hxx;h++;hm;inl;inc;ipp;xsd</Extensions>
    </Filter>
    <Filter Include="Resource Files">
      <UniqueIdentifier>{67DA6AB6-F800-4c08-8B7A-83BB121AAD01}</UniqueIdentifier>
      <Extensions>rc;ico;cur;bmp;dlg;rc2;rct;bin;rgs;gif;jpg;jpeg;jpe;resx;tiff;tif;png;wav;mfcribbon-ms</Extensions>
    </Filter>
    <Filter Include="Header Files\core">
      <UniqueIdentifier>{d7c1dcbb-fb76-4985-9b3b-394bdca3200e}</UniqueIdentifier>
    </Filter>
    <Filter Include="Source Files\core">
      <UniqueIdentifier>{47f606d8-ab0c-479a-bbda-f15f2e3ea5f9}</UniqueIdentifier>
    </Filter>
    <Filter Include="Header Files\render">
      <UniqueIdentifier>{10f471f8-9976-4314-b1fa-dde8e77f9c16}</UniqueIdentifier>
    </Filter>
    <Filter Include="Source Files\render">
      <UniqueIdentifier>{e37244f0-38e2-4691-b095-7fca9371313f}</UniqueIdentifier>
    </Filter>
    <Filter Include="Resource Files\shaders">
      <UniqueIdentifier>{bca96f19-a871-4537-8c94-32dc88f9c1d9}</UniqueIdentifier>
    </Filter>
    <Filter Include="Header Files\math">
      <UniqueIdentifier>{c42a5708-fc71-4fc3-8f10-18be039ee5ed}</UniqueIdentifier>
    </Filter>
    <Filter Include="Source Files\math">
      <UniqueIdentifier>{04bd0941-85c6-405e-b146-0b1b686b1af9}</UniqueIdentifier>
    </Filter>
    <Filter Include="Header Files\ecs">
      <UniqueIdentifier>{306650ff-e8e0-4772-b474-e28ba2bc514a}</UniqueIdentifier>
    </Filter>
    <Filter Include="Source Files\ecs">
      <UniqueIdentifier>{cb0d47ad-4137-4f54-bdcd-dd47b78627cf}</UniqueIdentifier>
    </Filter>
    <Filter Include="Header Files\ecs\systems">
      <UniqueIdentifier>{13a94379-a588-4dbf-b194-15213ce88e02}</UniqueIdentifier>
    </Filter>
    <Filter Include="Header Files\ecs\components">
      <UniqueIdentifier>{2b345c7b-93fb-4728-9477-ec8189f06a79}</UniqueIdentifier>
    </Filter>
    <Filter Include="Source Files\ecs\systems">
      <UniqueIdentifier>{368e20ab-3b61-4271-ad24-31fcb5c31db3}</UniqueIdentifier>
    </Filter>
    <Filter Include="Header Files\physics">
      <UniqueIdentifier>{63661109-b8b7-4f1a-a9a0-48f8e1fdd38c}</UniqueIdentifier>
    </Filter>
    <Filter Include="Source Files\physics">
      <UniqueIdentifier>{7bcdbde0-8f94-4c2a-a842-8aa12cff6e91}</UniqueIdentifier>
    </Filter>
  </ItemGroup>
  <ItemGroup>
    <ClCompile Include="main.cpp">
      <Filter>Source Files</Filter>
    </ClCompile>
    <ClCompile Include="glad.c">
      <Filter>Source Files</Filter>
    </ClCompile>
    <ClCompile Include="window.cpp">
      <Filter>Source Files\core</Filter>
    </ClCompile>
    <ClCompile Include="mesh.cpp">
      <Filter>Source Files\render</Filter>
    </ClCompile>
    <ClCompile Include="shader.cpp">
      <Filter>Source Files\render</Filter>
    </ClCompile>
    <ClCompile Include="texture.cpp">
      <Filter>Source Files\render</Filter>
    </ClCompile>
    <ClCompile Include="geometry.cpp">
      <Filter>Source Files\math</Filter>
    </ClCompile>
    <ClCompile Include="coordinator.cpp">
      <Filter>Source Files\ecs</Filter>
    </ClCompile>
    <ClCompile Include="resource.cpp">
      <Filter>Source Files\core</Filter>
    </ClCompile>
    <ClCompile Include="entity_manager.cpp">
      <Filter>Source Files\ecs</Filter>
    </ClCompile>
    <ClCompile Include="skybox.cpp">
      <Filter>Source Files\render</Filter>
    </ClCompile>
    <ClCompile Include="camera_system.cpp">
      <Filter>Source Files\ecs\systems</Filter>
    </ClCompile>
    <ClCompile Include="physics_system.cpp">
      <Filter>Source Files\ecs\systems</Filter>
    </ClCompile>
    <ClCompile Include="render_system.cpp">
      <Filter>Source Files\ecs\systems</Filter>
    </ClCompile>
    <ClCompile Include="system_manager.cpp">
      <Filter>Source Files\ecs</Filter>
    </ClCompile>
    <ClCompile Include="input_manager.cpp">
      <Filter>Source Files\core</Filter>
    </ClCompile>
    <ClCompile Include="mouse_manager.cpp">
      <Filter>Source Files\core</Filter>
    </ClCompile>
    <ClCompile Include="key_subscription.cpp">
      <Filter>Source Files\core</Filter>
    </ClCompile>
    <ClCompile Include="keyboard_manager.cpp">
      <Filter>Source Files\core</Filter>
    </ClCompile>
    <ClCompile Include="gjk.cpp">
      <Filter>Source Files\physics</Filter>
    </ClCompile>
    <ClCompile Include="octree.cpp">
      <Filter>Source Files\physics</Filter>
    </ClCompile>
    <ClCompile Include="box.cpp">
      <Filter>Source Files\physics</Filter>
    </ClCompile>
    <ClCompile Include="plane.cpp">
      <Filter>Source Files\physics</Filter>
    </ClCompile>
  </ItemGroup>
  <ItemGroup>
    <ClInclude Include="mesh.hpp">
      <Filter>Header Files\render</Filter>
    </ClInclude>
    <ClInclude Include="shader.hpp">
      <Filter>Header Files\render</Filter>
    </ClInclude>
    <ClInclude Include="texture.hpp">
      <Filter>Header Files\render</Filter>
    </ClInclude>
    <ClInclude Include="geometry.hpp">
      <Filter>Header Files\math</Filter>
    </ClInclude>
    <ClInclude Include="resource.hpp">
      <Filter>Header Files\core</Filter>
    </ClInclude>
    <ClInclude Include="components.hpp">
      <Filter>Header Files\ecs</Filter>
    </ClInclude>
    <ClInclude Include="entity_manager.hpp">
      <Filter>Header Files\ecs</Filter>
    </ClInclude>
    <ClInclude Include="systems.hpp">
      <Filter>Header Files\ecs</Filter>
    </ClInclude>
    <ClInclude Include="coordinator.hpp">
      <Filter>Header Files\ecs</Filter>
    </ClInclude>
    <ClInclude Include="skybox.hpp">
      <Filter>Header Files\render</Filter>
    </ClInclude>
    <ClInclude Include="window.hpp">
      <Filter>Header Files\core</Filter>
    </ClInclude>
    <ClInclude Include="resource.h">
      <Filter>Header Files</Filter>
    </ClInclude>
    <ClInclude Include="transform.hpp">
      <Filter>Header Files\ecs\components</Filter>
    </ClInclude>
    <ClInclude Include="camera.hpp">
      <Filter>Header Files\ecs\components</Filter>
    </ClInclude>
    <ClInclude Include="orientation.hpp">
      <Filter>Header Files\ecs\components</Filter>
    </ClInclude>
    <ClInclude Include="appearence.hpp">
      <Filter>Header Files\ecs\components</Filter>
    </ClInclude>
    <ClInclude Include="rigid_body.hpp">
      <Filter>Header Files\ecs\components</Filter>
    </ClInclude>
    <ClInclude Include="shape.hpp">
      <Filter>Header Files\ecs\components</Filter>
    </ClInclude>
    <ClInclude Include="component_array.hpp">
      <Filter>Header Files\ecs</Filter>
    </ClInclude>
    <ClInclude Include="component_manager.hpp">
      <Filter>Header Files\ecs</Filter>
    </ClInclude>
    <ClInclude Include="render_system.hpp">
      <Filter>Header Files\ecs\systems</Filter>
    </ClInclude>
    <ClInclude Include="camera_system.hpp">
      <Filter>Header Files\ecs\systems</Filter>
    </ClInclude>
    <ClInclude Include="physics_system.hpp">
      <Filter>Header Files\ecs\systems</Filter>
    </ClInclude>
    <ClInclude Include="system_manager.hpp">
      <Filter>Header Files\ecs</Filter>
    </ClInclude>
    <ClInclude Include="input_manager.hpp">
      <Filter>Header Files\core</Filter>
    </ClInclude>
    <ClInclude Include="types.hpp">
      <Filter>Header Files\core</Filter>
    </ClInclude>
    <ClInclude Include="mouse_manager.hpp">
      <Filter>Header Files\core</Filter>
    </ClInclude>
    <ClInclude Include="keyboard_manager.hpp">
      <Filter>Header Files\core</Filter>
    </ClInclude>
    <ClInclude Include="key_subscription.hpp">
      <Filter>Header Files\core</Filter>
    </ClInclude>
    <ClInclude Include="gjk.hpp">
      <Filter>Header Files\physics</Filter>
    </ClInclude>
    <ClInclude Include="octree.hpp">
      <Filter>Header Files\physics</Filter>
    </ClInclude>
    <ClInclude Include="box.hpp">
      <Filter>Header Files\physics</Filter>
    </ClInclude>
    <ClInclude Include="engine.hpp">
      <Filter>Header Files\core</Filter>
    </ClInclude>
    <ClInclude Include="bsp.hpp">
      <Filter>Header Files\physics</Filter>
    </ClInclude>
    <ClInclude Include="point_light.hpp">
      <Filter>Header Files\ecs\components</Filter>
    </ClInclude>
    <ClInclude Include="plane.hpp">
      <Filter>Header Files\physics</Filter>
    </ClInclude>
    <ClInclude Include="line.hpp">
      <Filter>Header Files</Filter>
    </ClInclude>
  </ItemGroup>
  <ItemGroup>
    <None Include="VS_transform.glsl">
      <Filter>Resource Files\shaders</Filter>
    </None>
    <None Include="FS_transform.glsl">
      <Filter>Resource Files\shaders</Filter>
    </None>
    <None Include="skybox.frag">
      <Filter>Resource Files\shaders</Filter>
    </None>
    <None Include="skybox.vert">
      <Filter>Resource Files\shaders</Filter>
    </None>
    <None Include="shaders\FS_transform.glsl" />
  </ItemGroup>
  <ItemGroup>
    <ResourceCompile Include="physics-engine.rc">
      <Filter>Resource Files</Filter>
    </ResourceCompile>
  </ItemGroup>
</Project>