<?xml version="1.0" encoding="utf-8"?>
<Project ToolsVersion="4.0" xmlns="http://schemas.microsoft.com/developer/msbuild/2003">
  <ItemGroup>
    <Filter Include="Source Files">
      <UniqueIdentifier>{4FC737F1-C7A5-4376-A066-2A32D752A2FF}</UniqueIdentifier>
      <Extensions>cpp;c;cc;cxx;c++;cppm;ixx;def;odl;idl;hpj;bat;asm;asmx</Extensions>
    </Filter>
    <Filter Include="Header Files">
      <UniqueIdentifier>{93995380-89BD-4b04-88EB-625FBE52EBFB}</UniqueIdentifier>
      <Extensions>h;hh;hpp;hxx;h++;hm;inl;inc;ipp;xsd</Extensions>
    </Filter>
    <Filter Include="Resource Files">
      <UniqueIdentifier>{67DA6AB6-F800-4c08-8B7A-83BB121AAD01}</UniqueIdentifier>
      <Extensions>rc;ico;cur;bmp;dlg;rc2;rct;bin;rgs;gif;jpg;jpeg;jpe;resx;tiff;tif;png;wav;mfcribbon-ms</Extensions>
    </Filter>
    <Filter Include="Header Files\core">
      <UniqueIdentifier>{d7c1dcbb-fb76-4985-9b3b-394bdca3200e}</UniqueIdentifier>
    </Filter>
    <Filter Include="Source Files\core">
      <UniqueIdentifier>{47f606d8-ab0c-479a-bbda-f15f2e3ea5f9}</UniqueIdentifier>
    </Filter>
    <Filter Include="Header Files\ecs">
      <UniqueIdentifier>{cea8097b-0fae-4888-bd2b-bfd385f5f2d0}</UniqueIdentifier>
    </Filter>
    <Filter Include="Header Files\ecs\components">
      <UniqueIdentifier>{aa839849-eea5-4fd1-b761-ed5b54dfb666}</UniqueIdentifier>
    </Filter>
    <Filter Include="Header Files\render">
      <UniqueIdentifier>{10f471f8-9976-4314-b1fa-dde8e77f9c16}</UniqueIdentifier>
    </Filter>
    <Filter Include="Source Files\render">
      <UniqueIdentifier>{e37244f0-38e2-4691-b095-7fca9371313f}</UniqueIdentifier>
    </Filter>
    <Filter Include="Resource Files\shaders">
      <UniqueIdentifier>{bca96f19-a871-4537-8c94-32dc88f9c1d9}</UniqueIdentifier>
    </Filter>
    <Filter Include="Header Files\NewFilter1">
      <UniqueIdentifier>{61babc53-e441-4c4f-a647-b5c4649b3821}</UniqueIdentifier>
    </Filter>
  </ItemGroup>
  <ItemGroup>
    <ClCompile Include="main.cpp">
      <Filter>Source Files</Filter>
    </ClCompile>
    <ClCompile Include="glad.c">
      <Filter>Source Files</Filter>
    </ClCompile>
    <ClCompile Include="window.cpp">
      <Filter>Source Files\core</Filter>
    </ClCompile>
    <ClCompile Include="mesh.cpp">
      <Filter>Source Files\render</Filter>
    </ClCompile>
    <ClCompile Include="shader.cpp">
      <Filter>Source Files\render</Filter>
    </ClCompile>
    <ClCompile Include="texture.cpp">
      <Filter>Source Files\render</Filter>
    </ClCompile>
  </ItemGroup>
  <ItemGroup>
    <ClInclude Include="window.hpp">
      <Filter>Header Files\core</Filter>
    </ClInclude>
    <ClInclude Include="system.hpp">
      <Filter>Header Files\ecs</Filter>
    </ClInclude>
    <ClInclude Include="entity.hpp">
      <Filter>Header Files\ecs</Filter>
    </ClInclude>
    <ClInclude Include="C_rigidbody.h">
      <Filter>Header Files\ecs\components</Filter>
    </ClInclude>
    <ClInclude Include="mesh.hpp">
      <Filter>Header Files\render</Filter>
    </ClInclude>
    <ClInclude Include="attributes.hpp">
      <Filter>Header Files\render</Filter>
    </ClInclude>
    <ClInclude Include="input.hpp">
      <Filter>Header Files\core</Filter>
    </ClInclude>
    <ClInclude Include="shader.hpp">
      <Filter>Header Files\render</Filter>
    </ClInclude>
    <ClInclude Include="basic_shape.hpp">
      <Filter>Header Files\render</Filter>
    </ClInclude>
    <ClInclude Include="model.hpp">
      <Filter>Header Files\render</Filter>
    </ClInclude>
    <ClInclude Include="..\..\..\..\..\OBJ_Loader.h">
      <Filter>Header Files\render</Filter>
    </ClInclude>
    <ClInclude Include="texture.hpp">
      <Filter>Header Files\render</Filter>
    </ClInclude>
    <ClInclude Include="..\..\..\..\..\camera.hpp">
      <Filter>Header Files\core</Filter>
    </ClInclude>
  </ItemGroup>
  <ItemGroup>
    <None Include="VS_transform.glsl">
      <Filter>Resource Files\shaders</Filter>
    </None>
    <None Include="FS_transform.glsl">
      <Filter>Resource Files\shaders</Filter>
    </None>
  </ItemGroup>
</Project>